Last login: Sun Oct  1 01:35:16 on ttys004
(base) chanbopich_tann@CHANBOPICHs-Air ~ %
Session Contents Restored on Oct 1, 2023 at 6:32 PM

Last login: Sun Oct  1 12:46:37 on console
(base) chanbopich_tann@CHANBOPICHs-Air / % ssh root@137.184.78.252
Enter passphrase for key '/Users/chanbopich_tann/.ssh/id_rsa':
[root@REST ~]# ls
db.sql  _prepare_server.sh  server  server.js
[root@REST ~]# cd server
[root@REST server]# ls
db.sql        package.json       server.js  swaggerDefinition.js  swagger.json
node_modules  package-lock.json  swagger    swagger.js
[root@REST server]# cd swagger
[root@REST swagger]# npm inity -y

Usage: npm <command>

where <command> is one of:
    access, adduser, audit, bin, bugs, c, cache, ci, cit,
    clean-install, clean-install-test, completion, config,
    create, ddp, dedupe, deprecate, dist-tag, docs, doctor,
    edit, explore, fund, get, help, help-search, hook, i, init,
    install, install-ci-test, install-test, it, link, list, ln,
    login, logout, ls, org, outdated, owner, pack, ping, prefix,
    profile, prune, publish, rb, rebuild, repo, restart, root,
    run, run-script, s, se, search, set, shrinkwrap, star,
    stars, start, stop, t, team, test, token, tst, un,
    uninstall, unpublish, unstar, up, update, v, version, view,
    whoami

npm <command> -h  quick help on <command>
npm -l            display full usage info
npm help <term>   search for help on <term>
npm help npm      involved overview

Specify configs in the ini-formatted file:
    /root/.npmrc
or on the command line via: npm <command> --key value
Config info can be viewed via: npm help config

npm@6.14.18 /root/.nvm/versions/node/v14.21.3/lib/node_modules/npm

Did you mean this?
    init
[root@REST swagger]# npm init -y
Wrote to /root/server/swagger/package.json:

{
  "name": "swagger",
  "version": "1.0.0",
  "description": "",
  "main": "index.js",
  "scripts": {
    "test": "echo \"Error: no test specified\" && exit 1"
  },
  "keywords": [],
  "author": "",
  "license": "ISC"
}


[root@REST swagger]# npm i express
npm notice created a lockfile as package-lock.json. You should commit this file.
npm WARN swagger@1.0.0 No description
npm WARN swagger@1.0.0 No repository field.

+ express@4.18.2
added 58 packages from 42 contributors and audited 58 packages in 9.186s

8 packages are looking for funding
  run `npm fund` for details

found 0 vulnerabilities

[root@REST swagger]# npm i swagger-jsdoc
npm WARN @apidevtools/swagger-parser@10.0.3 requires a peer of openapi-types@>=7 but none is installed. You must install peer dependencies yourself.
npm WARN swagger@1.0.0 No description
npm WARN swagger@1.0.0 No repository field.

+ swagger-jsdoc@6.2.8
added 31 packages from 26 contributors and audited 89 packages in 10.024s

9 packages are looking for funding
  run `npm fund` for details

found 0 vulnerabilities

[root@REST swagger]# npm i swagger-ui-express
npm WARN @apidevtools/swagger-parser@10.0.3 requires a peer of openapi-types@>=7 but none is installed. You must install peer dependencies yourself.
npm WARN swagger@1.0.0 No description
npm WARN swagger@1.0.0 No repository field.

+ swagger-ui-express@5.0.0
added 2 packages from 8 contributors and audited 91 packages in 5.38s
{

{
  "name": "server",
  "version": "1.0.0",
  "lockfileVersion": 1,
  "requires": true,
  "dependencies": {
    "@apidevtools/json-schema-ref-parser": {
      "version": "9.1.2",
      "resolved": "https://registry.npmjs.org/@apidevtools/json-schema-ref-parser/-/json-schema-ref-parser-9.1.2.tgz",
      "integrity": "sha512-r1w81DpR+KyRWd3f+rk6TNqMgedmAxZP5v5KWlXQWlgMUUtyEJch0DKEci1SorPMiSeM8XPl7MZ3miJ60JIpQg==",
      "requires": {
        "@jsdevtools/ono": "^7.1.3",
        "@types/json-schema": "^7.0.6",
        "call-me-maybe": "^1.0.1",
        "js-yaml": "^4.1.0"
      }
    },
    "@apidevtools/openapi-schemas": {
      "version": "2.1.0",
      "resolved": "https://registry.npmjs.org/@apidevtools/openapi-schemas/-/openapi-schemas-2.1.0.tgz",
@
"package-lock.json" 738L, 31432C
